
Microsoft Visual Studio Solution File, Format Version 11.00
# Visual Studio 2010
Project("{FAE04EC0-301F-11D3-BF4B-00C04F79EFBC}") = "Excavator", "Excavator.csproj", "{EF09B0E9-638D-4BFF-8CBC-22B5CEE68B94}"
EndProject
Project("{FAE04EC0-301F-11D3-BF4B-00C04F79EFBC}") = "OpenTK", "..\OpenTK\Source\OpenTK\OpenTK.csproj", "{A37A7E14-0000-0000-0000-000000000000}"
EndProject
Project("{FAE04EC0-301F-11D3-BF4B-00C04F79EFBC}") = "OpenTK.GLControl", "..\OpenTK\Source\GLControl\OpenTK.GLControl.csproj", "{A625BE88-0000-0000-0000-000000000000}"
EndProject
Project("{FAE04EC0-301F-11D3-BF4B-00C04F79EFBC}") = "SamSeifert.ComplexFileParser", "..\SamSeifert.ComplexFileParser\SamSeifert.ComplexFileParser\SamSeifert.ComplexFileParser.csproj", "{2414F4DD-734E-4A0B-9C95-C24B2CEE25F7}"
EndProject
Project("{FAE04EC0-301F-11D3-BF4B-00C04F79EFBC}") = "SamSeifert.GLE.Generics", "..\SamSeifert.GLE.Generics\SamSeifert.GLE.Generics\SamSeifert.GLE.Generics.csproj", "{FB6E9B5D-7A20-45F2-9ADA-DDD12E70A967}"
EndProject
Project("{2150E333-8FDC-42A3-9474-1A3956D46DE8}") = "MatlabExcavator", "MatlabExcavator", "{2107067A-6102-4F6A-9EFA-7E2C419A7C06}"
EndProject
Project("{8BC9CEB8-8B4A-11D0-8D11-00A0C91BC942}") = "MatlabExcavatorModel", "Matlab Model\MatlabExcavatorModel_ert_rtw\msvc\MatlabExcavatorModel.vcxproj", "{45E34D1E-F1C1-48C4-A4AF-D78860EC03FA}"
EndProject
Project("{FAE04EC0-301F-11D3-BF4B-00C04F79EFBC}") = "SamSeifert.DoubleBuffer", "..\SamSeifert.DoubleBuffer\SamSeifert.DoubleBuffer.csproj", "{8BA6520E-9078-497C-BB20-E2D0A4F4EA1D}"
EndProject
Project("{8BC9CEB8-8B4A-11D0-8D11-00A0C91BC942}") = "MatlabExcavatorWrapper", "Matlab Model\WrapperLibrary\WrapperLibrary.vcxproj", "{33CE8AFC-E1C5-4A04-9204-9CD6F0C1F306}"
EndProject
Project("{FAE04EC0-301F-11D3-BF4B-00C04F79EFBC}") = "SamSeifert.ScreenPicker", "..\SamSeifert.ScreenPicker\SamSeifert.ScreenPicker\SamSeifert.ScreenPicker.csproj", "{1ED5718E-67EB-40A5-A0A7-1E489ED544FC}"
EndProject
Project("{FAE04EC0-301F-11D3-BF4B-00C04F79EFBC}") = "SamSeifert.GlobalEvents", "..\SamSeifert.GlobalEvent\SamSeifert.GlobalEvent\SamSeifert.GlobalEvents.csproj", "{9B8D2FBB-0305-4DF6-A090-DB590DA3659A}"
EndProject
Project("{8BC9CEB8-8B4A-11D0-8D11-00A0C91BC942}") = "HeadTrackerWrapper", "..\SamSeifert.HeadTrackerWrapper\HeadTrackerWrapper.vcxproj", "{AA9F59D1-D503-4E5B-9675-398B445F2B12}"
EndProject
Project("{FAE04EC0-301F-11D3-BF4B-00C04F79EFBC}") = "SamSeifert.HeadTracker", "..\SamSeifert.HeadTrackerWrapper\SamSeifert.HeadTracker.csproj", "{717FBDDE-58A7-4A0E-AD39-F06505EEC2A2}"
EndProject
Project("{FAE04EC0-301F-11D3-BF4B-00C04F79EFBC}") = "NAudio", "..\NAudio\NAudio\NAudio.csproj", "{DA4F02E3-0B5E-42CD-B8D9-5583FA51D66E}"
EndProject
Project("{FAE04EC0-301F-11D3-BF4B-00C04F79EFBC}") = "SamSeifert.GLE.CadViewer", "..\SamSeifert.GLE.CadViewer\SamSeifert.GLE.CadViewer.csproj", "{012184D6-08E1-4152-B2BB-409D4B5D7785}"
EndProject
Global
	GlobalSection(SolutionConfigurationPlatforms) = preSolution
		Debug|Any CPU = Debug|Any CPU
		Debug|x64 = Debug|x64
		Release|Any CPU = Release|Any CPU
		Release|x64 = Release|x64
	EndGlobalSection
	GlobalSection(ProjectConfigurationPlatforms) = postSolution
		{EF09B0E9-638D-4BFF-8CBC-22B5CEE68B94}.Debug|Any CPU.ActiveCfg = Debug|Any CPU
		{EF09B0E9-638D-4BFF-8CBC-22B5CEE68B94}.Debug|Any CPU.Build.0 = Debug|Any CPU
		{EF09B0E9-638D-4BFF-8CBC-22B5CEE68B94}.Debug|x64.ActiveCfg = Debug|x64
		{EF09B0E9-638D-4BFF-8CBC-22B5CEE68B94}.Debug|x64.Build.0 = Debug|x64
		{EF09B0E9-638D-4BFF-8CBC-22B5CEE68B94}.Release|Any CPU.ActiveCfg = Release|Any CPU
		{EF09B0E9-638D-4BFF-8CBC-22B5CEE68B94}.Release|Any CPU.Build.0 = Release|Any CPU
		{EF09B0E9-638D-4BFF-8CBC-22B5CEE68B94}.Release|x64.ActiveCfg = Release|x64
		{EF09B0E9-638D-4BFF-8CBC-22B5CEE68B94}.Release|x64.Build.0 = Release|x64
		{A37A7E14-0000-0000-0000-000000000000}.Debug|Any CPU.ActiveCfg = Debug|Any CPU
		{A37A7E14-0000-0000-0000-000000000000}.Debug|Any CPU.Build.0 = Debug|Any CPU
		{A37A7E14-0000-0000-0000-000000000000}.Debug|x64.ActiveCfg = Debug|x64
		{A37A7E14-0000-0000-0000-000000000000}.Debug|x64.Build.0 = Debug|x64
		{A37A7E14-0000-0000-0000-000000000000}.Release|Any CPU.ActiveCfg = Release|Any CPU
		{A37A7E14-0000-0000-0000-000000000000}.Release|Any CPU.Build.0 = Release|Any CPU
		{A37A7E14-0000-0000-0000-000000000000}.Release|x64.ActiveCfg = Release|x64
		{A37A7E14-0000-0000-0000-000000000000}.Release|x64.Build.0 = Release|x64
		{A625BE88-0000-0000-0000-000000000000}.Debug|Any CPU.ActiveCfg = Debug|Any CPU
		{A625BE88-0000-0000-0000-000000000000}.Debug|Any CPU.Build.0 = Debug|Any CPU
		{A625BE88-0000-0000-0000-000000000000}.Debug|x64.ActiveCfg = Debug|x64
		{A625BE88-0000-0000-0000-000000000000}.Debug|x64.Build.0 = Debug|x64
		{A625BE88-0000-0000-0000-000000000000}.Release|Any CPU.ActiveCfg = Release|Any CPU
		{A625BE88-0000-0000-0000-000000000000}.Release|Any CPU.Build.0 = Release|Any CPU
		{A625BE88-0000-0000-0000-000000000000}.Release|x64.ActiveCfg = Release|x64
		{A625BE88-0000-0000-0000-000000000000}.Release|x64.Build.0 = Release|x64
		{2414F4DD-734E-4A0B-9C95-C24B2CEE25F7}.Debug|Any CPU.ActiveCfg = Debug|Any CPU
		{2414F4DD-734E-4A0B-9C95-C24B2CEE25F7}.Debug|Any CPU.Build.0 = Debug|Any CPU
		{2414F4DD-734E-4A0B-9C95-C24B2CEE25F7}.Debug|x64.ActiveCfg = Debug|x64
		{2414F4DD-734E-4A0B-9C95-C24B2CEE25F7}.Debug|x64.Build.0 = Debug|x64
		{2414F4DD-734E-4A0B-9C95-C24B2CEE25F7}.Release|Any CPU.ActiveCfg = Release|Any CPU
		{2414F4DD-734E-4A0B-9C95-C24B2CEE25F7}.Release|Any CPU.Build.0 = Release|Any CPU
		{2414F4DD-734E-4A0B-9C95-C24B2CEE25F7}.Release|x64.ActiveCfg = Release|x64
		{2414F4DD-734E-4A0B-9C95-C24B2CEE25F7}.Release|x64.Build.0 = Release|x64
		{FB6E9B5D-7A20-45F2-9ADA-DDD12E70A967}.Debug|Any CPU.ActiveCfg = Debug|Any CPU
		{FB6E9B5D-7A20-45F2-9ADA-DDD12E70A967}.Debug|Any CPU.Build.0 = Debug|Any CPU
		{FB6E9B5D-7A20-45F2-9ADA-DDD12E70A967}.Debug|x64.ActiveCfg = Debug|x64
		{FB6E9B5D-7A20-45F2-9ADA-DDD12E70A967}.Debug|x64.Build.0 = Debug|x64
		{FB6E9B5D-7A20-45F2-9ADA-DDD12E70A967}.Release|Any CPU.ActiveCfg = Release|Any CPU
		{FB6E9B5D-7A20-45F2-9ADA-DDD12E70A967}.Release|Any CPU.Build.0 = Release|Any CPU
		{FB6E9B5D-7A20-45F2-9ADA-DDD12E70A967}.Release|x64.ActiveCfg = Release|x64
		{FB6E9B5D-7A20-45F2-9ADA-DDD12E70A967}.Release|x64.Build.0 = Release|x64
		{45E34D1E-F1C1-48C4-A4AF-D78860EC03FA}.Debug|Any CPU.ActiveCfg = Debug|x64
		{45E34D1E-F1C1-48C4-A4AF-D78860EC03FA}.Debug|x64.ActiveCfg = Debug|x64
		{45E34D1E-F1C1-48C4-A4AF-D78860EC03FA}.Release|Any CPU.ActiveCfg = Release|x64
		{45E34D1E-F1C1-48C4-A4AF-D78860EC03FA}.Release|x64.ActiveCfg = Release|x64
		{8BA6520E-9078-497C-BB20-E2D0A4F4EA1D}.Debug|Any CPU.ActiveCfg = Debug|Any CPU
		{8BA6520E-9078-497C-BB20-E2D0A4F4EA1D}.Debug|Any CPU.Build.0 = Debug|Any CPU
		{8BA6520E-9078-497C-BB20-E2D0A4F4EA1D}.Debug|x64.ActiveCfg = Debug|x64
		{8BA6520E-9078-497C-BB20-E2D0A4F4EA1D}.Debug|x64.Build.0 = Debug|x64
		{8BA6520E-9078-497C-BB20-E2D0A4F4EA1D}.Release|Any CPU.ActiveCfg = Release|Any CPU
		{8BA6520E-9078-497C-BB20-E2D0A4F4EA1D}.Release|Any CPU.Build.0 = Release|Any CPU
		{8BA6520E-9078-497C-BB20-E2D0A4F4EA1D}.Release|x64.ActiveCfg = Release|x64
		{8BA6520E-9078-497C-BB20-E2D0A4F4EA1D}.Release|x64.Build.0 = Release|x64
		{33CE8AFC-E1C5-4A04-9204-9CD6F0C1F306}.Debug|Any CPU.ActiveCfg = Debug|x64
		{33CE8AFC-E1C5-4A04-9204-9CD6F0C1F306}.Debug|x64.ActiveCfg = Debug|x64
		{33CE8AFC-E1C5-4A04-9204-9CD6F0C1F306}.Release|Any CPU.ActiveCfg = Release|x64
		{33CE8AFC-E1C5-4A04-9204-9CD6F0C1F306}.Release|x64.ActiveCfg = Release|x64
		{1ED5718E-67EB-40A5-A0A7-1E489ED544FC}.Debug|Any CPU.ActiveCfg = Debug|x64
		{1ED5718E-67EB-40A5-A0A7-1E489ED544FC}.Debug|x64.ActiveCfg = Debug|x64
		{1ED5718E-67EB-40A5-A0A7-1E489ED544FC}.Debug|x64.Build.0 = Debug|x64
		{1ED5718E-67EB-40A5-A0A7-1E489ED544FC}.Release|Any CPU.ActiveCfg = Release|x64
		{1ED5718E-67EB-40A5-A0A7-1E489ED544FC}.Release|x64.ActiveCfg = Release|x64
		{1ED5718E-67EB-40A5-A0A7-1E489ED544FC}.Release|x64.Build.0 = Release|x64
		{9B8D2FBB-0305-4DF6-A090-DB590DA3659A}.Debug|Any CPU.ActiveCfg = Debug|Any CPU
		{9B8D2FBB-0305-4DF6-A090-DB590DA3659A}.Debug|Any CPU.Build.0 = Debug|Any CPU
		{9B8D2FBB-0305-4DF6-A090-DB590DA3659A}.Debug|x64.ActiveCfg = Debug|x64
		{9B8D2FBB-0305-4DF6-A090-DB590DA3659A}.Debug|x64.Build.0 = Debug|x64
		{9B8D2FBB-0305-4DF6-A090-DB590DA3659A}.Release|Any CPU.ActiveCfg = Release|Any CPU
		{9B8D2FBB-0305-4DF6-A090-DB590DA3659A}.Release|Any CPU.Build.0 = Release|Any CPU
		{9B8D2FBB-0305-4DF6-A090-DB590DA3659A}.Release|x64.ActiveCfg = Release|x64
		{9B8D2FBB-0305-4DF6-A090-DB590DA3659A}.Release|x64.Build.0 = Release|x64
		{AA9F59D1-D503-4E5B-9675-398B445F2B12}.Debug|Any CPU.ActiveCfg = Debug|x64
		{AA9F59D1-D503-4E5B-9675-398B445F2B12}.Debug|x64.ActiveCfg = Debug|x64
		{AA9F59D1-D503-4E5B-9675-398B445F2B12}.Release|Any CPU.ActiveCfg = Release|x64
		{AA9F59D1-D503-4E5B-9675-398B445F2B12}.Release|x64.ActiveCfg = Release|x64
		{717FBDDE-58A7-4A0E-AD39-F06505EEC2A2}.Debug|Any CPU.ActiveCfg = Debug|x64
		{717FBDDE-58A7-4A0E-AD39-F06505EEC2A2}.Debug|x64.ActiveCfg = Debug|x64
		{717FBDDE-58A7-4A0E-AD39-F06505EEC2A2}.Debug|x64.Build.0 = Debug|x64
		{717FBDDE-58A7-4A0E-AD39-F06505EEC2A2}.Release|Any CPU.ActiveCfg = Release|x64
		{717FBDDE-58A7-4A0E-AD39-F06505EEC2A2}.Release|x64.ActiveCfg = Release|x64
		{717FBDDE-58A7-4A0E-AD39-F06505EEC2A2}.Release|x64.Build.0 = Release|x64
		{DA4F02E3-0B5E-42CD-B8D9-5583FA51D66E}.Debug|Any CPU.ActiveCfg = Debug|Any CPU
		{DA4F02E3-0B5E-42CD-B8D9-5583FA51D66E}.Debug|Any CPU.Build.0 = Debug|Any CPU
		{DA4F02E3-0B5E-42CD-B8D9-5583FA51D66E}.Debug|x64.ActiveCfg = Debug|x64
		{DA4F02E3-0B5E-42CD-B8D9-5583FA51D66E}.Debug|x64.Build.0 = Debug|x64
		{DA4F02E3-0B5E-42CD-B8D9-5583FA51D66E}.Release|Any CPU.ActiveCfg = Release|Any CPU
		{DA4F02E3-0B5E-42CD-B8D9-5583FA51D66E}.Release|Any CPU.Build.0 = Release|Any CPU
		{DA4F02E3-0B5E-42CD-B8D9-5583FA51D66E}.Release|x64.ActiveCfg = Release|x64
		{DA4F02E3-0B5E-42CD-B8D9-5583FA51D66E}.Release|x64.Build.0 = Release|x64
		{012184D6-08E1-4152-B2BB-409D4B5D7785}.Debug|Any CPU.ActiveCfg = Debug|Any CPU
		{012184D6-08E1-4152-B2BB-409D4B5D7785}.Debug|Any CPU.Build.0 = Debug|Any CPU
		{012184D6-08E1-4152-B2BB-409D4B5D7785}.Debug|x64.ActiveCfg = Debug|x64
		{012184D6-08E1-4152-B2BB-409D4B5D7785}.Debug|x64.Build.0 = Debug|x64
		{012184D6-08E1-4152-B2BB-409D4B5D7785}.Release|Any CPU.ActiveCfg = Release|Any CPU
		{012184D6-08E1-4152-B2BB-409D4B5D7785}.Release|Any CPU.Build.0 = Release|Any CPU
		{012184D6-08E1-4152-B2BB-409D4B5D7785}.Release|x64.ActiveCfg = Release|x64
		{012184D6-08E1-4152-B2BB-409D4B5D7785}.Release|x64.Build.0 = Release|x64
	EndGlobalSection
	GlobalSection(SolutionProperties) = preSolution
		HideSolutionNode = FALSE
	EndGlobalSection
	GlobalSection(NestedProjects) = preSolution
		{45E34D1E-F1C1-48C4-A4AF-D78860EC03FA} = {2107067A-6102-4F6A-9EFA-7E2C419A7C06}
	EndGlobalSection
	GlobalSection(MonoDevelopProperties) = preSolution
		StartupItem = Source\Examples\OpenTK.Examples.csproj
	EndGlobalSection
	GlobalSection(MonoDevelopProperties) = preSolution
		StartupItem = Source\Examples\OpenTK.Examples.csproj
	EndGlobalSection
EndGlobal
