
Microsoft Visual Studio Solution File, Format Version 11.00
# Visual Studio 2010
Project("{FAE04EC0-301F-11D3-BF4B-00C04F79EFBC}") = "SamSeifert.ScreenPicker", "SamSeifert.ScreenPicker\SamSeifert.ScreenPicker.csproj", "{1ED5718E-67EB-40A5-A0A7-1E489ED544FC}"
EndProject
Project("{FAE04EC0-301F-11D3-BF4B-00C04F79EFBC}") = "OpenTK", "..\OpenTK\Source\OpenTK\OpenTK.csproj", "{A37A7E14-0000-0000-0000-000000000000}"
EndProject
Global
	GlobalSection(SolutionConfigurationPlatforms) = preSolution
		Debug|Any CPU = Debug|Any CPU
		Debug|Mixed Platforms = Debug|Mixed Platforms
		Debug|x64 = Debug|x64
		Debug|x86 = Debug|x86
		Documentation|Any CPU = Documentation|Any CPU
		Documentation|Mixed Platforms = Documentation|Mixed Platforms
		Documentation|x64 = Documentation|x64
		Documentation|x86 = Documentation|x86
		Nsis|Any CPU = Nsis|Any CPU
		Nsis|Mixed Platforms = Nsis|Mixed Platforms
		Nsis|x64 = Nsis|x64
		Nsis|x86 = Nsis|x86
		Release|Any CPU = Release|Any CPU
		Release|Mixed Platforms = Release|Mixed Platforms
		Release|x64 = Release|x64
		Release|x86 = Release|x86
	EndGlobalSection
	GlobalSection(ProjectConfigurationPlatforms) = postSolution
		{1ED5718E-67EB-40A5-A0A7-1E489ED544FC}.Debug|Any CPU.ActiveCfg = Debug|x86
		{1ED5718E-67EB-40A5-A0A7-1E489ED544FC}.Debug|Mixed Platforms.ActiveCfg = Debug|x86
		{1ED5718E-67EB-40A5-A0A7-1E489ED544FC}.Debug|Mixed Platforms.Build.0 = Debug|x86
		{1ED5718E-67EB-40A5-A0A7-1E489ED544FC}.Debug|x64.ActiveCfg = Debug|x86
		{1ED5718E-67EB-40A5-A0A7-1E489ED544FC}.Debug|x86.ActiveCfg = Debug|x86
		{1ED5718E-67EB-40A5-A0A7-1E489ED544FC}.Debug|x86.Build.0 = Debug|x86
		{1ED5718E-67EB-40A5-A0A7-1E489ED544FC}.Documentation|Any CPU.ActiveCfg = Debug|x86
		{1ED5718E-67EB-40A5-A0A7-1E489ED544FC}.Documentation|Mixed Platforms.ActiveCfg = Debug|x86
		{1ED5718E-67EB-40A5-A0A7-1E489ED544FC}.Documentation|Mixed Platforms.Build.0 = Debug|x86
		{1ED5718E-67EB-40A5-A0A7-1E489ED544FC}.Documentation|x64.ActiveCfg = Debug|x86
		{1ED5718E-67EB-40A5-A0A7-1E489ED544FC}.Documentation|x86.ActiveCfg = Debug|x86
		{1ED5718E-67EB-40A5-A0A7-1E489ED544FC}.Documentation|x86.Build.0 = Debug|x86
		{1ED5718E-67EB-40A5-A0A7-1E489ED544FC}.Nsis|Any CPU.ActiveCfg = Release|x86
		{1ED5718E-67EB-40A5-A0A7-1E489ED544FC}.Nsis|Mixed Platforms.ActiveCfg = Release|x86
		{1ED5718E-67EB-40A5-A0A7-1E489ED544FC}.Nsis|Mixed Platforms.Build.0 = Release|x86
		{1ED5718E-67EB-40A5-A0A7-1E489ED544FC}.Nsis|x64.ActiveCfg = Release|x86
		{1ED5718E-67EB-40A5-A0A7-1E489ED544FC}.Nsis|x86.ActiveCfg = Release|x86
		{1ED5718E-67EB-40A5-A0A7-1E489ED544FC}.Nsis|x86.Build.0 = Release|x86
		{1ED5718E-67EB-40A5-A0A7-1E489ED544FC}.Release|Any CPU.ActiveCfg = Release|x86
		{1ED5718E-67EB-40A5-A0A7-1E489ED544FC}.Release|Mixed Platforms.ActiveCfg = Release|x86
		{1ED5718E-67EB-40A5-A0A7-1E489ED544FC}.Release|Mixed Platforms.Build.0 = Release|x86
		{1ED5718E-67EB-40A5-A0A7-1E489ED544FC}.Release|x64.ActiveCfg = Release|x86
		{1ED5718E-67EB-40A5-A0A7-1E489ED544FC}.Release|x86.ActiveCfg = Release|x86
		{1ED5718E-67EB-40A5-A0A7-1E489ED544FC}.Release|x86.Build.0 = Release|x86
		{A37A7E14-0000-0000-0000-000000000000}.Debug|Any CPU.ActiveCfg = Debug|Any CPU
		{A37A7E14-0000-0000-0000-000000000000}.Debug|Any CPU.Build.0 = Debug|Any CPU
		{A37A7E14-0000-0000-0000-000000000000}.Debug|Mixed Platforms.ActiveCfg = Debug|Any CPU
		{A37A7E14-0000-0000-0000-000000000000}.Debug|Mixed Platforms.Build.0 = Debug|Any CPU
		{A37A7E14-0000-0000-0000-000000000000}.Debug|x64.ActiveCfg = Debug|x64
		{A37A7E14-0000-0000-0000-000000000000}.Debug|x64.Build.0 = Debug|x64
		{A37A7E14-0000-0000-0000-000000000000}.Debug|x86.ActiveCfg = Debug|x64
		{A37A7E14-0000-0000-0000-000000000000}.Documentation|Any CPU.ActiveCfg = Documentation|Any CPU
		{A37A7E14-0000-0000-0000-000000000000}.Documentation|Any CPU.Build.0 = Documentation|Any CPU
		{A37A7E14-0000-0000-0000-000000000000}.Documentation|Mixed Platforms.ActiveCfg = Documentation|Any CPU
		{A37A7E14-0000-0000-0000-000000000000}.Documentation|Mixed Platforms.Build.0 = Documentation|Any CPU
		{A37A7E14-0000-0000-0000-000000000000}.Documentation|x64.ActiveCfg = Documentation|x64
		{A37A7E14-0000-0000-0000-000000000000}.Documentation|x64.Build.0 = Documentation|x64
		{A37A7E14-0000-0000-0000-000000000000}.Documentation|x86.ActiveCfg = Documentation|x64
		{A37A7E14-0000-0000-0000-000000000000}.Nsis|Any CPU.ActiveCfg = Nsis|Any CPU
		{A37A7E14-0000-0000-0000-000000000000}.Nsis|Any CPU.Build.0 = Nsis|Any CPU
		{A37A7E14-0000-0000-0000-000000000000}.Nsis|Mixed Platforms.ActiveCfg = Nsis|Any CPU
		{A37A7E14-0000-0000-0000-000000000000}.Nsis|Mixed Platforms.Build.0 = Nsis|Any CPU
		{A37A7E14-0000-0000-0000-000000000000}.Nsis|x64.ActiveCfg = Nsis|x64
		{A37A7E14-0000-0000-0000-000000000000}.Nsis|x64.Build.0 = Nsis|x64
		{A37A7E14-0000-0000-0000-000000000000}.Nsis|x86.ActiveCfg = Nsis|x64
		{A37A7E14-0000-0000-0000-000000000000}.Release|Any CPU.ActiveCfg = Release|Any CPU
		{A37A7E14-0000-0000-0000-000000000000}.Release|Any CPU.Build.0 = Release|Any CPU
		{A37A7E14-0000-0000-0000-000000000000}.Release|Mixed Platforms.ActiveCfg = Release|Any CPU
		{A37A7E14-0000-0000-0000-000000000000}.Release|Mixed Platforms.Build.0 = Release|Any CPU
		{A37A7E14-0000-0000-0000-000000000000}.Release|x64.ActiveCfg = Release|x64
		{A37A7E14-0000-0000-0000-000000000000}.Release|x64.Build.0 = Release|x64
		{A37A7E14-0000-0000-0000-000000000000}.Release|x86.ActiveCfg = Release|x64
	EndGlobalSection
	GlobalSection(SolutionProperties) = preSolution
		HideSolutionNode = FALSE
	EndGlobalSection
EndGlobal
